
Microsoft Visual Studio Solution File, Format Version 12.00
# Visual Studio Version 16
VisualStudioVersion = 16.0.30114.105
MinimumVisualStudioVersion = 10.0.40219.1
Project("{9A19103F-16F7-4668-BE54-9A1E7A4F7556}") = "R5T.Q0000", "R5T.Q0000\R5T.Q0000.csproj", "{A9DD0463-89A1-403D-9DD6-B2F026BDA9EC}"
EndProject
Project("{2150E333-8FDC-42A3-9474-1A3956D46DE8}") = "_Dependencies", "_Dependencies", "{29DFA682-692A-4E61-B3C1-06078FCC2EBF}"
EndProject
Project("{9A19103F-16F7-4668-BE54-9A1E7A4F7556}") = "R5T.Y0000", "..\..\R5T.Y0000\source\R5T.Y0000\R5T.Y0000.csproj", "{F7E5B5C7-060A-4EDC-821A-27290A100975}"
EndProject
Project("{9A19103F-16F7-4668-BE54-9A1E7A4F7556}") = "R5T.F0000", "..\..\R5T.F0000\source\R5T.F0000\R5T.F0000.csproj", "{727133F4-214E-44DE-B014-0B80BD895D95}"
EndProject
Project("{9A19103F-16F7-4668-BE54-9A1E7A4F7556}") = "R5T.Z0000", "..\..\R5T.Z0000\source\R5T.Z0000\R5T.Z0000.csproj", "{74BFEBF9-C6CC-4F5F-B7D6-2C276541244A}"
EndProject
Project("{9A19103F-16F7-4668-BE54-9A1E7A4F7556}") = "R5T.T0132", "..\..\R5T.T0132\source\R5T.T0132\R5T.T0132.csproj", "{272A4AA3-9E22-4D15-8711-2F89F0380A5D}"
EndProject
Project("{9A19103F-16F7-4668-BE54-9A1E7A4F7556}") = "R5T.T0131", "..\..\R5T.T0131\source\R5T.T0131\R5T.T0131.csproj", "{385C03EF-3604-4B93-AB34-EBD73D0F4CBC}"
EndProject
Project("{9A19103F-16F7-4668-BE54-9A1E7A4F7556}") = "R5T.T0141", "..\..\R5T.T0141\source\R5T.T0141\R5T.T0141.csproj", "{EB9EF991-EE56-44A4-863A-782F7AFB431E}"
EndProject
Project("{9A19103F-16F7-4668-BE54-9A1E7A4F7556}") = "R5T.Z0004", "..\..\R5T.Z0004\source\R5T.Z0004\R5T.Z0004.csproj", "{C7FEA8A2-D00B-4D7B-940F-392F78165308}"
EndProject
Global
	GlobalSection(SolutionConfigurationPlatforms) = preSolution
		Debug|Any CPU = Debug|Any CPU
		Debug|x64 = Debug|x64
		Debug|x86 = Debug|x86
		Release|Any CPU = Release|Any CPU
		Release|x64 = Release|x64
		Release|x86 = Release|x86
	EndGlobalSection
	GlobalSection(ProjectConfigurationPlatforms) = postSolution
		{A9DD0463-89A1-403D-9DD6-B2F026BDA9EC}.Debug|Any CPU.ActiveCfg = Debug|Any CPU
		{A9DD0463-89A1-403D-9DD6-B2F026BDA9EC}.Debug|Any CPU.Build.0 = Debug|Any CPU
		{A9DD0463-89A1-403D-9DD6-B2F026BDA9EC}.Debug|x64.ActiveCfg = Debug|Any CPU
		{A9DD0463-89A1-403D-9DD6-B2F026BDA9EC}.Debug|x64.Build.0 = Debug|Any CPU
		{A9DD0463-89A1-403D-9DD6-B2F026BDA9EC}.Debug|x86.ActiveCfg = Debug|Any CPU
		{A9DD0463-89A1-403D-9DD6-B2F026BDA9EC}.Debug|x86.Build.0 = Debug|Any CPU
		{A9DD0463-89A1-403D-9DD6-B2F026BDA9EC}.Release|Any CPU.ActiveCfg = Release|Any CPU
		{A9DD0463-89A1-403D-9DD6-B2F026BDA9EC}.Release|Any CPU.Build.0 = Release|Any CPU
		{A9DD0463-89A1-403D-9DD6-B2F026BDA9EC}.Release|x64.ActiveCfg = Release|Any CPU
		{A9DD0463-89A1-403D-9DD6-B2F026BDA9EC}.Release|x64.Build.0 = Release|Any CPU
		{A9DD0463-89A1-403D-9DD6-B2F026BDA9EC}.Release|x86.ActiveCfg = Release|Any CPU
		{A9DD0463-89A1-403D-9DD6-B2F026BDA9EC}.Release|x86.Build.0 = Release|Any CPU
		{F7E5B5C7-060A-4EDC-821A-27290A100975}.Debug|Any CPU.ActiveCfg = Debug|Any CPU
		{F7E5B5C7-060A-4EDC-821A-27290A100975}.Debug|Any CPU.Build.0 = Debug|Any CPU
		{F7E5B5C7-060A-4EDC-821A-27290A100975}.Debug|x64.ActiveCfg = Debug|Any CPU
		{F7E5B5C7-060A-4EDC-821A-27290A100975}.Debug|x64.Build.0 = Debug|Any CPU
		{F7E5B5C7-060A-4EDC-821A-27290A100975}.Debug|x86.ActiveCfg = Debug|Any CPU
		{F7E5B5C7-060A-4EDC-821A-27290A100975}.Debug|x86.Build.0 = Debug|Any CPU
		{F7E5B5C7-060A-4EDC-821A-27290A100975}.Release|Any CPU.ActiveCfg = Release|Any CPU
		{F7E5B5C7-060A-4EDC-821A-27290A100975}.Release|Any CPU.Build.0 = Release|Any CPU
		{F7E5B5C7-060A-4EDC-821A-27290A100975}.Release|x64.ActiveCfg = Release|Any CPU
		{F7E5B5C7-060A-4EDC-821A-27290A100975}.Release|x64.Build.0 = Release|Any CPU
		{F7E5B5C7-060A-4EDC-821A-27290A100975}.Release|x86.ActiveCfg = Release|Any CPU
		{F7E5B5C7-060A-4EDC-821A-27290A100975}.Release|x86.Build.0 = Release|Any CPU
		{727133F4-214E-44DE-B014-0B80BD895D95}.Debug|Any CPU.ActiveCfg = Debug|Any CPU
		{727133F4-214E-44DE-B014-0B80BD895D95}.Debug|Any CPU.Build.0 = Debug|Any CPU
		{727133F4-214E-44DE-B014-0B80BD895D95}.Debug|x64.ActiveCfg = Debug|Any CPU
		{727133F4-214E-44DE-B014-0B80BD895D95}.Debug|x64.Build.0 = Debug|Any CPU
		{727133F4-214E-44DE-B014-0B80BD895D95}.Debug|x86.ActiveCfg = Debug|Any CPU
		{727133F4-214E-44DE-B014-0B80BD895D95}.Debug|x86.Build.0 = Debug|Any CPU
		{727133F4-214E-44DE-B014-0B80BD895D95}.Release|Any CPU.ActiveCfg = Release|Any CPU
		{727133F4-214E-44DE-B014-0B80BD895D95}.Release|Any CPU.Build.0 = Release|Any CPU
		{727133F4-214E-44DE-B014-0B80BD895D95}.Release|x64.ActiveCfg = Release|Any CPU
		{727133F4-214E-44DE-B014-0B80BD895D95}.Release|x64.Build.0 = Release|Any CPU
		{727133F4-214E-44DE-B014-0B80BD895D95}.Release|x86.ActiveCfg = Release|Any CPU
		{727133F4-214E-44DE-B014-0B80BD895D95}.Release|x86.Build.0 = Release|Any CPU
		{74BFEBF9-C6CC-4F5F-B7D6-2C276541244A}.Debug|Any CPU.ActiveCfg = Debug|Any CPU
		{74BFEBF9-C6CC-4F5F-B7D6-2C276541244A}.Debug|Any CPU.Build.0 = Debug|Any CPU
		{74BFEBF9-C6CC-4F5F-B7D6-2C276541244A}.Debug|x64.ActiveCfg = Debug|Any CPU
		{74BFEBF9-C6CC-4F5F-B7D6-2C276541244A}.Debug|x64.Build.0 = Debug|Any CPU
		{74BFEBF9-C6CC-4F5F-B7D6-2C276541244A}.Debug|x86.ActiveCfg = Debug|Any CPU
		{74BFEBF9-C6CC-4F5F-B7D6-2C276541244A}.Debug|x86.Build.0 = Debug|Any CPU
		{74BFEBF9-C6CC-4F5F-B7D6-2C276541244A}.Release|Any CPU.ActiveCfg = Release|Any CPU
		{74BFEBF9-C6CC-4F5F-B7D6-2C276541244A}.Release|Any CPU.Build.0 = Release|Any CPU
		{74BFEBF9-C6CC-4F5F-B7D6-2C276541244A}.Release|x64.ActiveCfg = Release|Any CPU
		{74BFEBF9-C6CC-4F5F-B7D6-2C276541244A}.Release|x64.Build.0 = Release|Any CPU
		{74BFEBF9-C6CC-4F5F-B7D6-2C276541244A}.Release|x86.ActiveCfg = Release|Any CPU
		{74BFEBF9-C6CC-4F5F-B7D6-2C276541244A}.Release|x86.Build.0 = Release|Any CPU
		{272A4AA3-9E22-4D15-8711-2F89F0380A5D}.Debug|Any CPU.ActiveCfg = Debug|Any CPU
		{272A4AA3-9E22-4D15-8711-2F89F0380A5D}.Debug|Any CPU.Build.0 = Debug|Any CPU
		{272A4AA3-9E22-4D15-8711-2F89F0380A5D}.Debug|x64.ActiveCfg = Debug|Any CPU
		{272A4AA3-9E22-4D15-8711-2F89F0380A5D}.Debug|x64.Build.0 = Debug|Any CPU
		{272A4AA3-9E22-4D15-8711-2F89F0380A5D}.Debug|x86.ActiveCfg = Debug|Any CPU
		{272A4AA3-9E22-4D15-8711-2F89F0380A5D}.Debug|x86.Build.0 = Debug|Any CPU
		{272A4AA3-9E22-4D15-8711-2F89F0380A5D}.Release|Any CPU.ActiveCfg = Release|Any CPU
		{272A4AA3-9E22-4D15-8711-2F89F0380A5D}.Release|Any CPU.Build.0 = Release|Any CPU
		{272A4AA3-9E22-4D15-8711-2F89F0380A5D}.Release|x64.ActiveCfg = Release|Any CPU
		{272A4AA3-9E22-4D15-8711-2F89F0380A5D}.Release|x64.Build.0 = Release|Any CPU
		{272A4AA3-9E22-4D15-8711-2F89F0380A5D}.Release|x86.ActiveCfg = Release|Any CPU
		{272A4AA3-9E22-4D15-8711-2F89F0380A5D}.Release|x86.Build.0 = Release|Any CPU
		{385C03EF-3604-4B93-AB34-EBD73D0F4CBC}.Debug|Any CPU.ActiveCfg = Debug|Any CPU
		{385C03EF-3604-4B93-AB34-EBD73D0F4CBC}.Debug|Any CPU.Build.0 = Debug|Any CPU
		{385C03EF-3604-4B93-AB34-EBD73D0F4CBC}.Debug|x64.ActiveCfg = Debug|Any CPU
		{385C03EF-3604-4B93-AB34-EBD73D0F4CBC}.Debug|x64.Build.0 = Debug|Any CPU
		{385C03EF-3604-4B93-AB34-EBD73D0F4CBC}.Debug|x86.ActiveCfg = Debug|Any CPU
		{385C03EF-3604-4B93-AB34-EBD73D0F4CBC}.Debug|x86.Build.0 = Debug|Any CPU
		{385C03EF-3604-4B93-AB34-EBD73D0F4CBC}.Release|Any CPU.ActiveCfg = Release|Any CPU
		{385C03EF-3604-4B93-AB34-EBD73D0F4CBC}.Release|Any CPU.Build.0 = Release|Any CPU
		{385C03EF-3604-4B93-AB34-EBD73D0F4CBC}.Release|x64.ActiveCfg = Release|Any CPU
		{385C03EF-3604-4B93-AB34-EBD73D0F4CBC}.Release|x64.Build.0 = Release|Any CPU
		{385C03EF-3604-4B93-AB34-EBD73D0F4CBC}.Release|x86.ActiveCfg = Release|Any CPU
		{385C03EF-3604-4B93-AB34-EBD73D0F4CBC}.Release|x86.Build.0 = Release|Any CPU
		{EB9EF991-EE56-44A4-863A-782F7AFB431E}.Debug|Any CPU.ActiveCfg = Debug|Any CPU
		{EB9EF991-EE56-44A4-863A-782F7AFB431E}.Debug|Any CPU.Build.0 = Debug|Any CPU
		{EB9EF991-EE56-44A4-863A-782F7AFB431E}.Debug|x64.ActiveCfg = Debug|Any CPU
		{EB9EF991-EE56-44A4-863A-782F7AFB431E}.Debug|x64.Build.0 = Debug|Any CPU
		{EB9EF991-EE56-44A4-863A-782F7AFB431E}.Debug|x86.ActiveCfg = Debug|Any CPU
		{EB9EF991-EE56-44A4-863A-782F7AFB431E}.Debug|x86.Build.0 = Debug|Any CPU
		{EB9EF991-EE56-44A4-863A-782F7AFB431E}.Release|Any CPU.ActiveCfg = Release|Any CPU
		{EB9EF991-EE56-44A4-863A-782F7AFB431E}.Release|Any CPU.Build.0 = Release|Any CPU
		{EB9EF991-EE56-44A4-863A-782F7AFB431E}.Release|x64.ActiveCfg = Release|Any CPU
		{EB9EF991-EE56-44A4-863A-782F7AFB431E}.Release|x64.Build.0 = Release|Any CPU
		{EB9EF991-EE56-44A4-863A-782F7AFB431E}.Release|x86.ActiveCfg = Release|Any CPU
		{EB9EF991-EE56-44A4-863A-782F7AFB431E}.Release|x86.Build.0 = Release|Any CPU
		{C7FEA8A2-D00B-4D7B-940F-392F78165308}.Debug|Any CPU.ActiveCfg = Debug|Any CPU
		{C7FEA8A2-D00B-4D7B-940F-392F78165308}.Debug|Any CPU.Build.0 = Debug|Any CPU
		{C7FEA8A2-D00B-4D7B-940F-392F78165308}.Debug|x64.ActiveCfg = Debug|Any CPU
		{C7FEA8A2-D00B-4D7B-940F-392F78165308}.Debug|x64.Build.0 = Debug|Any CPU
		{C7FEA8A2-D00B-4D7B-940F-392F78165308}.Debug|x86.ActiveCfg = Debug|Any CPU
		{C7FEA8A2-D00B-4D7B-940F-392F78165308}.Debug|x86.Build.0 = Debug|Any CPU
		{C7FEA8A2-D00B-4D7B-940F-392F78165308}.Release|Any CPU.ActiveCfg = Release|Any CPU
		{C7FEA8A2-D00B-4D7B-940F-392F78165308}.Release|Any CPU.Build.0 = Release|Any CPU
		{C7FEA8A2-D00B-4D7B-940F-392F78165308}.Release|x64.ActiveCfg = Release|Any CPU
		{C7FEA8A2-D00B-4D7B-940F-392F78165308}.Release|x64.Build.0 = Release|Any CPU
		{C7FEA8A2-D00B-4D7B-940F-392F78165308}.Release|x86.ActiveCfg = Release|Any CPU
		{C7FEA8A2-D00B-4D7B-940F-392F78165308}.Release|x86.Build.0 = Release|Any CPU
	EndGlobalSection
	GlobalSection(SolutionProperties) = preSolution
		HideSolutionNode = FALSE
	EndGlobalSection
	GlobalSection(NestedProjects) = preSolution
		{F7E5B5C7-060A-4EDC-821A-27290A100975} = {29DFA682-692A-4E61-B3C1-06078FCC2EBF}
		{727133F4-214E-44DE-B014-0B80BD895D95} = {29DFA682-692A-4E61-B3C1-06078FCC2EBF}
		{74BFEBF9-C6CC-4F5F-B7D6-2C276541244A} = {29DFA682-692A-4E61-B3C1-06078FCC2EBF}
		{272A4AA3-9E22-4D15-8711-2F89F0380A5D} = {29DFA682-692A-4E61-B3C1-06078FCC2EBF}
		{385C03EF-3604-4B93-AB34-EBD73D0F4CBC} = {29DFA682-692A-4E61-B3C1-06078FCC2EBF}
		{EB9EF991-EE56-44A4-863A-782F7AFB431E} = {29DFA682-692A-4E61-B3C1-06078FCC2EBF}
		{C7FEA8A2-D00B-4D7B-940F-392F78165308} = {29DFA682-692A-4E61-B3C1-06078FCC2EBF}
	EndGlobalSection
	GlobalSection(ExtensibilityGlobals) = postSolution
		SolutionGuid = {482B6729-DD7C-42A2-9D27-C1BC47C29B11}
	EndGlobalSection
EndGlobal
