
Microsoft Visual Studio Solution File, Format Version 12.00
# Visual Studio Version 17
VisualStudioVersion = 17.2.32630.192
MinimumVisualStudioVersion = 10.0.40219.1
Project("{9A19103F-16F7-4668-BE54-9A1E7A4F7556}") = "R5T.Q0000", "R5T.Q0000\R5T.Q0000.csproj", "{A9DD0463-89A1-403D-9DD6-B2F026BDA9EC}"
EndProject
Project("{2150E333-8FDC-42A3-9474-1A3956D46DE8}") = "_Dependencies", "_Dependencies", "{29DFA682-692A-4E61-B3C1-06078FCC2EBF}"
EndProject
Project("{9A19103F-16F7-4668-BE54-9A1E7A4F7556}") = "R5T.Y0000", "..\..\R5T.Y0000\source\R5T.Y0000\R5T.Y0000.csproj", "{F7E5B5C7-060A-4EDC-821A-27290A100975}"
EndProject
Project("{9A19103F-16F7-4668-BE54-9A1E7A4F7556}") = "R5T.F0000", "..\..\R5T.F0000\source\R5T.F0000\R5T.F0000.csproj", "{727133F4-214E-44DE-B014-0B80BD895D95}"
EndProject
Project("{9A19103F-16F7-4668-BE54-9A1E7A4F7556}") = "R5T.Z0000", "..\..\R5T.Z0000\source\R5T.Z0000\R5T.Z0000.csproj", "{74BFEBF9-C6CC-4F5F-B7D6-2C276541244A}"
EndProject
Project("{9A19103F-16F7-4668-BE54-9A1E7A4F7556}") = "R5T.T0132", "..\..\R5T.T0132\source\R5T.T0132\R5T.T0132.csproj", "{272A4AA3-9E22-4D15-8711-2F89F0380A5D}"
EndProject
Project("{9A19103F-16F7-4668-BE54-9A1E7A4F7556}") = "R5T.T0131", "..\..\R5T.T0131\source\R5T.T0131\R5T.T0131.csproj", "{385C03EF-3604-4B93-AB34-EBD73D0F4CBC}"
EndProject
Project("{9A19103F-16F7-4668-BE54-9A1E7A4F7556}") = "R5T.T0141", "..\..\R5T.T0141\source\R5T.T0141\R5T.T0141.csproj", "{EB9EF991-EE56-44A4-863A-782F7AFB431E}"
EndProject
Project("{9A19103F-16F7-4668-BE54-9A1E7A4F7556}") = "R5T.Z0004", "..\..\R5T.Z0004\source\R5T.Z0004\R5T.Z0004.csproj", "{C7FEA8A2-D00B-4D7B-940F-392F78165308}"
EndProject
Project("{9A19103F-16F7-4668-BE54-9A1E7A4F7556}") = "R5T.T0142", "..\..\R5T.T0142\source\R5T.T0142\R5T.T0142.csproj", "{4A68D6FB-1ED4-451C-B530-4E646CDCBA63}"
EndProject
Project("{9A19103F-16F7-4668-BE54-9A1E7A4F7556}") = "R5T.T0143", "..\..\R5T.T0143\source\R5T.T0143\R5T.T0143.csproj", "{1A3CC124-7C59-48B8-BC4D-B05B609A60B3}"
EndProject
Project("{9A19103F-16F7-4668-BE54-9A1E7A4F7556}") = "F10Y.L0000", "..\..\..\Functionairy\F10Y.L0000\source\F10Y.L0000\F10Y.L0000.csproj", "{1A8D8483-C9B5-4D3A-B446-25A90648CCFB}"
EndProject
Project("{9A19103F-16F7-4668-BE54-9A1E7A4F7556}") = "F10Y.T0000", "..\..\..\Functionairy\F10Y.T0000\source\F10Y.T0000\F10Y.T0000.csproj", "{7553DB87-B067-48E9-AC31-FE015AA0F08E}"
EndProject
Project("{9A19103F-16F7-4668-BE54-9A1E7A4F7556}") = "F10Y.T0001", "..\..\..\Functionairy\F10Y.T0001\source\F10Y.T0001\F10Y.T0001.csproj", "{DEF8C4C3-4B7E-40AE-908D-8538A438B935}"
EndProject
Project("{9A19103F-16F7-4668-BE54-9A1E7A4F7556}") = "F10Y.T0002", "..\..\..\Functionairy\F10Y.T0002\source\F10Y.T0002\F10Y.T0002.csproj", "{20397126-486A-4217-9C9A-9CA9E1E866F3}"
EndProject
Project("{9A19103F-16F7-4668-BE54-9A1E7A4F7556}") = "F10Y.T0003", "..\..\..\Functionairy\F10Y.T0003\source\F10Y.T0003\F10Y.T0003.csproj", "{90562368-8C47-4407-966F-95D7EC033A6F}"
EndProject
Project("{9A19103F-16F7-4668-BE54-9A1E7A4F7556}") = "F10Y.T0004", "..\..\..\Functionairy\F10Y.T0004\source\F10Y.T0004\F10Y.T0004.csproj", "{DFB4A068-B440-4F1B-81A0-0B3F46962B2B}"
EndProject
Project("{9A19103F-16F7-4668-BE54-9A1E7A4F7556}") = "F10Y.T0011", "..\..\..\Functionairy\F10Y.T0011\source\F10Y.T0011\F10Y.T0011.csproj", "{D360DB9B-0E2F-456C-8B9D-6B63D75478A3}"
EndProject
Project("{9A19103F-16F7-4668-BE54-9A1E7A4F7556}") = "F10Y.Y0000", "..\..\..\Functionairy\F10Y.Y0000\source\F10Y.Y0000\F10Y.Y0000.csproj", "{C1588A56-6B8B-47A8-B3BA-D744AF1FCE37}"
EndProject
Project("{9A19103F-16F7-4668-BE54-9A1E7A4F7556}") = "R5T.L0053", "..\..\R5T.L0053\source\R5T.L0053\R5T.L0053.csproj", "{9D0B0584-A8E7-4925-A947-BF6209800D49}"
EndProject
Project("{9A19103F-16F7-4668-BE54-9A1E7A4F7556}") = "R5T.L0066", "..\..\R5T.L0066\source\R5T.L0066\R5T.L0066.csproj", "{B9ED21E7-F635-4B2F-A94D-9360E1C3EEB9}"
EndProject
Project("{9A19103F-16F7-4668-BE54-9A1E7A4F7556}") = "R5T.L0071", "..\..\R5T.L0071\source\R5T.L0071\R5T.L0071.csproj", "{EF62AFBE-F71C-4FF4-9D9B-57803D9B04CF}"
EndProject
Project("{9A19103F-16F7-4668-BE54-9A1E7A4F7556}") = "R5T.L0089.F000", "..\..\R5T.L0089\source\R5T.L0089.F000\R5T.L0089.F000.csproj", "{13FCDADB-FEAD-4E1F-8305-253EDBE283DE}"
EndProject
Project("{9A19103F-16F7-4668-BE54-9A1E7A4F7556}") = "R5T.L0089.T000", "..\..\R5T.L0089\source\R5T.L0089.T000\R5T.L0089.T000.csproj", "{2AA99AEB-21E0-4401-9600-19B3A41DD5F5}"
EndProject
Project("{9A19103F-16F7-4668-BE54-9A1E7A4F7556}") = "R5T.L0089", "..\..\R5T.L0089\source\R5T.L0089\R5T.L0089.csproj", "{904C8129-8B28-4BFC-9452-9BE23E4CF304}"
EndProject
Project("{9A19103F-16F7-4668-BE54-9A1E7A4F7556}") = "R5T.T0156", "..\..\R5T.T0156\source\R5T.T0156\R5T.T0156.csproj", "{C5CAC6FA-6F45-4F69-8474-96F507545B01}"
EndProject
Project("{9A19103F-16F7-4668-BE54-9A1E7A4F7556}") = "R5T.T0221", "..\..\R5T.T0221\source\R5T.T0221\R5T.T0221.csproj", "{A8EAF131-A4B0-436C-B329-1E1476A504B9}"
EndProject
Project("{9A19103F-16F7-4668-BE54-9A1E7A4F7556}") = "R5T.T0241", "..\..\R5T.T0241\source\R5T.T0241\R5T.T0241.csproj", "{08597A8D-CF89-401F-8EE5-D3A0935D4E34}"
EndProject
Project("{9A19103F-16F7-4668-BE54-9A1E7A4F7556}") = "R5T.Y0006", "..\..\R5T.Y0006\source\R5T.Y0006\R5T.Y0006.csproj", "{C486CE34-484B-44D9-9240-5E005769CA24}"
EndProject
Project("{9A19103F-16F7-4668-BE54-9A1E7A4F7556}") = "R5T.Z0072.Z000", "..\..\R5T.Z0072\source\R5T.Z0072.Z000\R5T.Z0072.Z000.csproj", "{CD974E71-54DA-43FB-A6DE-AF3B7B382A2F}"
EndProject
Project("{9A19103F-16F7-4668-BE54-9A1E7A4F7556}") = "R5T.Z0072.Z002", "..\..\R5T.Z0072\source\R5T.Z0072.Z002\R5T.Z0072.Z002.csproj", "{E7AE57C9-67FD-4457-8851-B67D9E8E35AB}"
EndProject
Global
	GlobalSection(NestedProjects) = preSolution
		{F7E5B5C7-060A-4EDC-821A-27290A100975} = {29DFA682-692A-4E61-B3C1-06078FCC2EBF}
		{727133F4-214E-44DE-B014-0B80BD895D95} = {29DFA682-692A-4E61-B3C1-06078FCC2EBF}
		{74BFEBF9-C6CC-4F5F-B7D6-2C276541244A} = {29DFA682-692A-4E61-B3C1-06078FCC2EBF}
		{272A4AA3-9E22-4D15-8711-2F89F0380A5D} = {29DFA682-692A-4E61-B3C1-06078FCC2EBF}
		{385C03EF-3604-4B93-AB34-EBD73D0F4CBC} = {29DFA682-692A-4E61-B3C1-06078FCC2EBF}
		{EB9EF991-EE56-44A4-863A-782F7AFB431E} = {29DFA682-692A-4E61-B3C1-06078FCC2EBF}
		{C7FEA8A2-D00B-4D7B-940F-392F78165308} = {29DFA682-692A-4E61-B3C1-06078FCC2EBF}
		{4A68D6FB-1ED4-451C-B530-4E646CDCBA63} = {29DFA682-692A-4E61-B3C1-06078FCC2EBF}
		{1A3CC124-7C59-48B8-BC4D-B05B609A60B3} = {29DFA682-692A-4E61-B3C1-06078FCC2EBF}
		{1A8D8483-C9B5-4D3A-B446-25A90648CCFB} = {29DFA682-692A-4E61-B3C1-06078FCC2EBF}
		{7553DB87-B067-48E9-AC31-FE015AA0F08E} = {29DFA682-692A-4E61-B3C1-06078FCC2EBF}
		{DEF8C4C3-4B7E-40AE-908D-8538A438B935} = {29DFA682-692A-4E61-B3C1-06078FCC2EBF}
		{20397126-486A-4217-9C9A-9CA9E1E866F3} = {29DFA682-692A-4E61-B3C1-06078FCC2EBF}
		{90562368-8C47-4407-966F-95D7EC033A6F} = {29DFA682-692A-4E61-B3C1-06078FCC2EBF}
		{DFB4A068-B440-4F1B-81A0-0B3F46962B2B} = {29DFA682-692A-4E61-B3C1-06078FCC2EBF}
		{D360DB9B-0E2F-456C-8B9D-6B63D75478A3} = {29DFA682-692A-4E61-B3C1-06078FCC2EBF}
		{C1588A56-6B8B-47A8-B3BA-D744AF1FCE37} = {29DFA682-692A-4E61-B3C1-06078FCC2EBF}
		{9D0B0584-A8E7-4925-A947-BF6209800D49} = {29DFA682-692A-4E61-B3C1-06078FCC2EBF}
		{B9ED21E7-F635-4B2F-A94D-9360E1C3EEB9} = {29DFA682-692A-4E61-B3C1-06078FCC2EBF}
		{EF62AFBE-F71C-4FF4-9D9B-57803D9B04CF} = {29DFA682-692A-4E61-B3C1-06078FCC2EBF}
		{13FCDADB-FEAD-4E1F-8305-253EDBE283DE} = {29DFA682-692A-4E61-B3C1-06078FCC2EBF}
		{2AA99AEB-21E0-4401-9600-19B3A41DD5F5} = {29DFA682-692A-4E61-B3C1-06078FCC2EBF}
		{904C8129-8B28-4BFC-9452-9BE23E4CF304} = {29DFA682-692A-4E61-B3C1-06078FCC2EBF}
		{C5CAC6FA-6F45-4F69-8474-96F507545B01} = {29DFA682-692A-4E61-B3C1-06078FCC2EBF}
		{A8EAF131-A4B0-436C-B329-1E1476A504B9} = {29DFA682-692A-4E61-B3C1-06078FCC2EBF}
		{08597A8D-CF89-401F-8EE5-D3A0935D4E34} = {29DFA682-692A-4E61-B3C1-06078FCC2EBF}
		{C486CE34-484B-44D9-9240-5E005769CA24} = {29DFA682-692A-4E61-B3C1-06078FCC2EBF}
		{CD974E71-54DA-43FB-A6DE-AF3B7B382A2F} = {29DFA682-692A-4E61-B3C1-06078FCC2EBF}
		{E7AE57C9-67FD-4457-8851-B67D9E8E35AB} = {29DFA682-692A-4E61-B3C1-06078FCC2EBF}
	EndGlobalSection
	GlobalSection(SolutionConfigurationPlatforms) = preSolution
		Debug|Any CPU = Debug|Any CPU
		Debug|x64 = Debug|x64
		Debug|x86 = Debug|x86
		Release|Any CPU = Release|Any CPU
		Release|x64 = Release|x64
		Release|x86 = Release|x86
	EndGlobalSection
	GlobalSection(ProjectConfigurationPlatforms) = postSolution
		{A9DD0463-89A1-403D-9DD6-B2F026BDA9EC}.Debug|Any CPU.ActiveCfg = Debug|Any CPU
		{A9DD0463-89A1-403D-9DD6-B2F026BDA9EC}.Debug|Any CPU.Build.0 = Debug|Any CPU
		{A9DD0463-89A1-403D-9DD6-B2F026BDA9EC}.Debug|x64.ActiveCfg = Debug|Any CPU
		{A9DD0463-89A1-403D-9DD6-B2F026BDA9EC}.Debug|x64.Build.0 = Debug|Any CPU
		{A9DD0463-89A1-403D-9DD6-B2F026BDA9EC}.Debug|x86.ActiveCfg = Debug|Any CPU
		{A9DD0463-89A1-403D-9DD6-B2F026BDA9EC}.Debug|x86.Build.0 = Debug|Any CPU
		{A9DD0463-89A1-403D-9DD6-B2F026BDA9EC}.Release|Any CPU.ActiveCfg = Release|Any CPU
		{A9DD0463-89A1-403D-9DD6-B2F026BDA9EC}.Release|Any CPU.Build.0 = Release|Any CPU
		{A9DD0463-89A1-403D-9DD6-B2F026BDA9EC}.Release|x64.ActiveCfg = Release|Any CPU
		{A9DD0463-89A1-403D-9DD6-B2F026BDA9EC}.Release|x64.Build.0 = Release|Any CPU
		{A9DD0463-89A1-403D-9DD6-B2F026BDA9EC}.Release|x86.ActiveCfg = Release|Any CPU
		{A9DD0463-89A1-403D-9DD6-B2F026BDA9EC}.Release|x86.Build.0 = Release|Any CPU
		{F7E5B5C7-060A-4EDC-821A-27290A100975}.Debug|Any CPU.ActiveCfg = Debug|Any CPU
		{F7E5B5C7-060A-4EDC-821A-27290A100975}.Debug|Any CPU.Build.0 = Debug|Any CPU
		{F7E5B5C7-060A-4EDC-821A-27290A100975}.Debug|x64.ActiveCfg = Debug|Any CPU
		{F7E5B5C7-060A-4EDC-821A-27290A100975}.Debug|x64.Build.0 = Debug|Any CPU
		{F7E5B5C7-060A-4EDC-821A-27290A100975}.Debug|x86.ActiveCfg = Debug|Any CPU
		{F7E5B5C7-060A-4EDC-821A-27290A100975}.Debug|x86.Build.0 = Debug|Any CPU
		{F7E5B5C7-060A-4EDC-821A-27290A100975}.Release|Any CPU.ActiveCfg = Release|Any CPU
		{F7E5B5C7-060A-4EDC-821A-27290A100975}.Release|Any CPU.Build.0 = Release|Any CPU
		{F7E5B5C7-060A-4EDC-821A-27290A100975}.Release|x64.ActiveCfg = Release|Any CPU
		{F7E5B5C7-060A-4EDC-821A-27290A100975}.Release|x64.Build.0 = Release|Any CPU
		{F7E5B5C7-060A-4EDC-821A-27290A100975}.Release|x86.ActiveCfg = Release|Any CPU
		{F7E5B5C7-060A-4EDC-821A-27290A100975}.Release|x86.Build.0 = Release|Any CPU
		{727133F4-214E-44DE-B014-0B80BD895D95}.Debug|Any CPU.ActiveCfg = Debug|Any CPU
		{727133F4-214E-44DE-B014-0B80BD895D95}.Debug|Any CPU.Build.0 = Debug|Any CPU
		{727133F4-214E-44DE-B014-0B80BD895D95}.Debug|x64.ActiveCfg = Debug|Any CPU
		{727133F4-214E-44DE-B014-0B80BD895D95}.Debug|x64.Build.0 = Debug|Any CPU
		{727133F4-214E-44DE-B014-0B80BD895D95}.Debug|x86.ActiveCfg = Debug|Any CPU
		{727133F4-214E-44DE-B014-0B80BD895D95}.Debug|x86.Build.0 = Debug|Any CPU
		{727133F4-214E-44DE-B014-0B80BD895D95}.Release|Any CPU.ActiveCfg = Release|Any CPU
		{727133F4-214E-44DE-B014-0B80BD895D95}.Release|Any CPU.Build.0 = Release|Any CPU
		{727133F4-214E-44DE-B014-0B80BD895D95}.Release|x64.ActiveCfg = Release|Any CPU
		{727133F4-214E-44DE-B014-0B80BD895D95}.Release|x64.Build.0 = Release|Any CPU
		{727133F4-214E-44DE-B014-0B80BD895D95}.Release|x86.ActiveCfg = Release|Any CPU
		{727133F4-214E-44DE-B014-0B80BD895D95}.Release|x86.Build.0 = Release|Any CPU
		{74BFEBF9-C6CC-4F5F-B7D6-2C276541244A}.Debug|Any CPU.ActiveCfg = Debug|Any CPU
		{74BFEBF9-C6CC-4F5F-B7D6-2C276541244A}.Debug|Any CPU.Build.0 = Debug|Any CPU
		{74BFEBF9-C6CC-4F5F-B7D6-2C276541244A}.Debug|x64.ActiveCfg = Debug|Any CPU
		{74BFEBF9-C6CC-4F5F-B7D6-2C276541244A}.Debug|x64.Build.0 = Debug|Any CPU
		{74BFEBF9-C6CC-4F5F-B7D6-2C276541244A}.Debug|x86.ActiveCfg = Debug|Any CPU
		{74BFEBF9-C6CC-4F5F-B7D6-2C276541244A}.Debug|x86.Build.0 = Debug|Any CPU
		{74BFEBF9-C6CC-4F5F-B7D6-2C276541244A}.Release|Any CPU.ActiveCfg = Release|Any CPU
		{74BFEBF9-C6CC-4F5F-B7D6-2C276541244A}.Release|Any CPU.Build.0 = Release|Any CPU
		{74BFEBF9-C6CC-4F5F-B7D6-2C276541244A}.Release|x64.ActiveCfg = Release|Any CPU
		{74BFEBF9-C6CC-4F5F-B7D6-2C276541244A}.Release|x64.Build.0 = Release|Any CPU
		{74BFEBF9-C6CC-4F5F-B7D6-2C276541244A}.Release|x86.ActiveCfg = Release|Any CPU
		{74BFEBF9-C6CC-4F5F-B7D6-2C276541244A}.Release|x86.Build.0 = Release|Any CPU
		{272A4AA3-9E22-4D15-8711-2F89F0380A5D}.Debug|Any CPU.ActiveCfg = Debug|Any CPU
		{272A4AA3-9E22-4D15-8711-2F89F0380A5D}.Debug|Any CPU.Build.0 = Debug|Any CPU
		{272A4AA3-9E22-4D15-8711-2F89F0380A5D}.Debug|x64.ActiveCfg = Debug|Any CPU
		{272A4AA3-9E22-4D15-8711-2F89F0380A5D}.Debug|x64.Build.0 = Debug|Any CPU
		{272A4AA3-9E22-4D15-8711-2F89F0380A5D}.Debug|x86.ActiveCfg = Debug|Any CPU
		{272A4AA3-9E22-4D15-8711-2F89F0380A5D}.Debug|x86.Build.0 = Debug|Any CPU
		{272A4AA3-9E22-4D15-8711-2F89F0380A5D}.Release|Any CPU.ActiveCfg = Release|Any CPU
		{272A4AA3-9E22-4D15-8711-2F89F0380A5D}.Release|Any CPU.Build.0 = Release|Any CPU
		{272A4AA3-9E22-4D15-8711-2F89F0380A5D}.Release|x64.ActiveCfg = Release|Any CPU
		{272A4AA3-9E22-4D15-8711-2F89F0380A5D}.Release|x64.Build.0 = Release|Any CPU
		{272A4AA3-9E22-4D15-8711-2F89F0380A5D}.Release|x86.ActiveCfg = Release|Any CPU
		{272A4AA3-9E22-4D15-8711-2F89F0380A5D}.Release|x86.Build.0 = Release|Any CPU
		{385C03EF-3604-4B93-AB34-EBD73D0F4CBC}.Debug|Any CPU.ActiveCfg = Debug|Any CPU
		{385C03EF-3604-4B93-AB34-EBD73D0F4CBC}.Debug|Any CPU.Build.0 = Debug|Any CPU
		{385C03EF-3604-4B93-AB34-EBD73D0F4CBC}.Debug|x64.ActiveCfg = Debug|Any CPU
		{385C03EF-3604-4B93-AB34-EBD73D0F4CBC}.Debug|x64.Build.0 = Debug|Any CPU
		{385C03EF-3604-4B93-AB34-EBD73D0F4CBC}.Debug|x86.ActiveCfg = Debug|Any CPU
		{385C03EF-3604-4B93-AB34-EBD73D0F4CBC}.Debug|x86.Build.0 = Debug|Any CPU
		{385C03EF-3604-4B93-AB34-EBD73D0F4CBC}.Release|Any CPU.ActiveCfg = Release|Any CPU
		{385C03EF-3604-4B93-AB34-EBD73D0F4CBC}.Release|Any CPU.Build.0 = Release|Any CPU
		{385C03EF-3604-4B93-AB34-EBD73D0F4CBC}.Release|x64.ActiveCfg = Release|Any CPU
		{385C03EF-3604-4B93-AB34-EBD73D0F4CBC}.Release|x64.Build.0 = Release|Any CPU
		{385C03EF-3604-4B93-AB34-EBD73D0F4CBC}.Release|x86.ActiveCfg = Release|Any CPU
		{385C03EF-3604-4B93-AB34-EBD73D0F4CBC}.Release|x86.Build.0 = Release|Any CPU
		{EB9EF991-EE56-44A4-863A-782F7AFB431E}.Debug|Any CPU.ActiveCfg = Debug|Any CPU
		{EB9EF991-EE56-44A4-863A-782F7AFB431E}.Debug|Any CPU.Build.0 = Debug|Any CPU
		{EB9EF991-EE56-44A4-863A-782F7AFB431E}.Debug|x64.ActiveCfg = Debug|Any CPU
		{EB9EF991-EE56-44A4-863A-782F7AFB431E}.Debug|x64.Build.0 = Debug|Any CPU
		{EB9EF991-EE56-44A4-863A-782F7AFB431E}.Debug|x86.ActiveCfg = Debug|Any CPU
		{EB9EF991-EE56-44A4-863A-782F7AFB431E}.Debug|x86.Build.0 = Debug|Any CPU
		{EB9EF991-EE56-44A4-863A-782F7AFB431E}.Release|Any CPU.ActiveCfg = Release|Any CPU
		{EB9EF991-EE56-44A4-863A-782F7AFB431E}.Release|Any CPU.Build.0 = Release|Any CPU
		{EB9EF991-EE56-44A4-863A-782F7AFB431E}.Release|x64.ActiveCfg = Release|Any CPU
		{EB9EF991-EE56-44A4-863A-782F7AFB431E}.Release|x64.Build.0 = Release|Any CPU
		{EB9EF991-EE56-44A4-863A-782F7AFB431E}.Release|x86.ActiveCfg = Release|Any CPU
		{EB9EF991-EE56-44A4-863A-782F7AFB431E}.Release|x86.Build.0 = Release|Any CPU
		{C7FEA8A2-D00B-4D7B-940F-392F78165308}.Debug|Any CPU.ActiveCfg = Debug|Any CPU
		{C7FEA8A2-D00B-4D7B-940F-392F78165308}.Debug|Any CPU.Build.0 = Debug|Any CPU
		{C7FEA8A2-D00B-4D7B-940F-392F78165308}.Debug|x64.ActiveCfg = Debug|Any CPU
		{C7FEA8A2-D00B-4D7B-940F-392F78165308}.Debug|x64.Build.0 = Debug|Any CPU
		{C7FEA8A2-D00B-4D7B-940F-392F78165308}.Debug|x86.ActiveCfg = Debug|Any CPU
		{C7FEA8A2-D00B-4D7B-940F-392F78165308}.Debug|x86.Build.0 = Debug|Any CPU
		{C7FEA8A2-D00B-4D7B-940F-392F78165308}.Release|Any CPU.ActiveCfg = Release|Any CPU
		{C7FEA8A2-D00B-4D7B-940F-392F78165308}.Release|Any CPU.Build.0 = Release|Any CPU
		{C7FEA8A2-D00B-4D7B-940F-392F78165308}.Release|x64.ActiveCfg = Release|Any CPU
		{C7FEA8A2-D00B-4D7B-940F-392F78165308}.Release|x64.Build.0 = Release|Any CPU
		{C7FEA8A2-D00B-4D7B-940F-392F78165308}.Release|x86.ActiveCfg = Release|Any CPU
		{C7FEA8A2-D00B-4D7B-940F-392F78165308}.Release|x86.Build.0 = Release|Any CPU
		{4A68D6FB-1ED4-451C-B530-4E646CDCBA63}.Debug|Any CPU.ActiveCfg = Debug|Any CPU
		{4A68D6FB-1ED4-451C-B530-4E646CDCBA63}.Debug|Any CPU.Build.0 = Debug|Any CPU
		{4A68D6FB-1ED4-451C-B530-4E646CDCBA63}.Debug|x64.ActiveCfg = Debug|Any CPU
		{4A68D6FB-1ED4-451C-B530-4E646CDCBA63}.Debug|x64.Build.0 = Debug|Any CPU
		{4A68D6FB-1ED4-451C-B530-4E646CDCBA63}.Debug|x86.ActiveCfg = Debug|Any CPU
		{4A68D6FB-1ED4-451C-B530-4E646CDCBA63}.Debug|x86.Build.0 = Debug|Any CPU
		{4A68D6FB-1ED4-451C-B530-4E646CDCBA63}.Release|Any CPU.ActiveCfg = Release|Any CPU
		{4A68D6FB-1ED4-451C-B530-4E646CDCBA63}.Release|Any CPU.Build.0 = Release|Any CPU
		{4A68D6FB-1ED4-451C-B530-4E646CDCBA63}.Release|x64.ActiveCfg = Release|Any CPU
		{4A68D6FB-1ED4-451C-B530-4E646CDCBA63}.Release|x64.Build.0 = Release|Any CPU
		{4A68D6FB-1ED4-451C-B530-4E646CDCBA63}.Release|x86.ActiveCfg = Release|Any CPU
		{4A68D6FB-1ED4-451C-B530-4E646CDCBA63}.Release|x86.Build.0 = Release|Any CPU
		{1A3CC124-7C59-48B8-BC4D-B05B609A60B3}.Debug|Any CPU.ActiveCfg = Debug|Any CPU
		{1A3CC124-7C59-48B8-BC4D-B05B609A60B3}.Debug|Any CPU.Build.0 = Debug|Any CPU
		{1A3CC124-7C59-48B8-BC4D-B05B609A60B3}.Debug|x64.ActiveCfg = Debug|Any CPU
		{1A3CC124-7C59-48B8-BC4D-B05B609A60B3}.Debug|x64.Build.0 = Debug|Any CPU
		{1A3CC124-7C59-48B8-BC4D-B05B609A60B3}.Debug|x86.ActiveCfg = Debug|Any CPU
		{1A3CC124-7C59-48B8-BC4D-B05B609A60B3}.Debug|x86.Build.0 = Debug|Any CPU
		{1A3CC124-7C59-48B8-BC4D-B05B609A60B3}.Release|Any CPU.ActiveCfg = Release|Any CPU
		{1A3CC124-7C59-48B8-BC4D-B05B609A60B3}.Release|Any CPU.Build.0 = Release|Any CPU
		{1A3CC124-7C59-48B8-BC4D-B05B609A60B3}.Release|x64.ActiveCfg = Release|Any CPU
		{1A3CC124-7C59-48B8-BC4D-B05B609A60B3}.Release|x64.Build.0 = Release|Any CPU
		{1A3CC124-7C59-48B8-BC4D-B05B609A60B3}.Release|x86.ActiveCfg = Release|Any CPU
		{1A3CC124-7C59-48B8-BC4D-B05B609A60B3}.Release|x86.Build.0 = Release|Any CPU
		{1A8D8483-C9B5-4D3A-B446-25A90648CCFB}.Debug|Any CPU.ActiveCfg = Debug|Any CPU
		{1A8D8483-C9B5-4D3A-B446-25A90648CCFB}.Debug|Any CPU.Build.0 = Debug|Any CPU
		{1A8D8483-C9B5-4D3A-B446-25A90648CCFB}.Debug|x64.ActiveCfg = Debug|Any CPU
		{1A8D8483-C9B5-4D3A-B446-25A90648CCFB}.Debug|x64.Build.0 = Debug|Any CPU
		{1A8D8483-C9B5-4D3A-B446-25A90648CCFB}.Debug|x86.ActiveCfg = Debug|Any CPU
		{1A8D8483-C9B5-4D3A-B446-25A90648CCFB}.Debug|x86.Build.0 = Debug|Any CPU
		{1A8D8483-C9B5-4D3A-B446-25A90648CCFB}.Release|Any CPU.ActiveCfg = Release|Any CPU
		{1A8D8483-C9B5-4D3A-B446-25A90648CCFB}.Release|Any CPU.Build.0 = Release|Any CPU
		{1A8D8483-C9B5-4D3A-B446-25A90648CCFB}.Release|x64.ActiveCfg = Release|Any CPU
		{1A8D8483-C9B5-4D3A-B446-25A90648CCFB}.Release|x64.Build.0 = Release|Any CPU
		{1A8D8483-C9B5-4D3A-B446-25A90648CCFB}.Release|x86.ActiveCfg = Release|Any CPU
		{1A8D8483-C9B5-4D3A-B446-25A90648CCFB}.Release|x86.Build.0 = Release|Any CPU
		{7553DB87-B067-48E9-AC31-FE015AA0F08E}.Debug|Any CPU.ActiveCfg = Debug|Any CPU
		{7553DB87-B067-48E9-AC31-FE015AA0F08E}.Debug|Any CPU.Build.0 = Debug|Any CPU
		{7553DB87-B067-48E9-AC31-FE015AA0F08E}.Debug|x64.ActiveCfg = Debug|Any CPU
		{7553DB87-B067-48E9-AC31-FE015AA0F08E}.Debug|x64.Build.0 = Debug|Any CPU
		{7553DB87-B067-48E9-AC31-FE015AA0F08E}.Debug|x86.ActiveCfg = Debug|Any CPU
		{7553DB87-B067-48E9-AC31-FE015AA0F08E}.Debug|x86.Build.0 = Debug|Any CPU
		{7553DB87-B067-48E9-AC31-FE015AA0F08E}.Release|Any CPU.ActiveCfg = Release|Any CPU
		{7553DB87-B067-48E9-AC31-FE015AA0F08E}.Release|Any CPU.Build.0 = Release|Any CPU
		{7553DB87-B067-48E9-AC31-FE015AA0F08E}.Release|x64.ActiveCfg = Release|Any CPU
		{7553DB87-B067-48E9-AC31-FE015AA0F08E}.Release|x64.Build.0 = Release|Any CPU
		{7553DB87-B067-48E9-AC31-FE015AA0F08E}.Release|x86.ActiveCfg = Release|Any CPU
		{7553DB87-B067-48E9-AC31-FE015AA0F08E}.Release|x86.Build.0 = Release|Any CPU
		{DEF8C4C3-4B7E-40AE-908D-8538A438B935}.Debug|Any CPU.ActiveCfg = Debug|Any CPU
		{DEF8C4C3-4B7E-40AE-908D-8538A438B935}.Debug|Any CPU.Build.0 = Debug|Any CPU
		{DEF8C4C3-4B7E-40AE-908D-8538A438B935}.Debug|x64.ActiveCfg = Debug|Any CPU
		{DEF8C4C3-4B7E-40AE-908D-8538A438B935}.Debug|x64.Build.0 = Debug|Any CPU
		{DEF8C4C3-4B7E-40AE-908D-8538A438B935}.Debug|x86.ActiveCfg = Debug|Any CPU
		{DEF8C4C3-4B7E-40AE-908D-8538A438B935}.Debug|x86.Build.0 = Debug|Any CPU
		{DEF8C4C3-4B7E-40AE-908D-8538A438B935}.Release|Any CPU.ActiveCfg = Release|Any CPU
		{DEF8C4C3-4B7E-40AE-908D-8538A438B935}.Release|Any CPU.Build.0 = Release|Any CPU
		{DEF8C4C3-4B7E-40AE-908D-8538A438B935}.Release|x64.ActiveCfg = Release|Any CPU
		{DEF8C4C3-4B7E-40AE-908D-8538A438B935}.Release|x64.Build.0 = Release|Any CPU
		{DEF8C4C3-4B7E-40AE-908D-8538A438B935}.Release|x86.ActiveCfg = Release|Any CPU
		{DEF8C4C3-4B7E-40AE-908D-8538A438B935}.Release|x86.Build.0 = Release|Any CPU
		{20397126-486A-4217-9C9A-9CA9E1E866F3}.Debug|Any CPU.ActiveCfg = Debug|Any CPU
		{20397126-486A-4217-9C9A-9CA9E1E866F3}.Debug|Any CPU.Build.0 = Debug|Any CPU
		{20397126-486A-4217-9C9A-9CA9E1E866F3}.Debug|x64.ActiveCfg = Debug|Any CPU
		{20397126-486A-4217-9C9A-9CA9E1E866F3}.Debug|x64.Build.0 = Debug|Any CPU
		{20397126-486A-4217-9C9A-9CA9E1E866F3}.Debug|x86.ActiveCfg = Debug|Any CPU
		{20397126-486A-4217-9C9A-9CA9E1E866F3}.Debug|x86.Build.0 = Debug|Any CPU
		{20397126-486A-4217-9C9A-9CA9E1E866F3}.Release|Any CPU.ActiveCfg = Release|Any CPU
		{20397126-486A-4217-9C9A-9CA9E1E866F3}.Release|Any CPU.Build.0 = Release|Any CPU
		{20397126-486A-4217-9C9A-9CA9E1E866F3}.Release|x64.ActiveCfg = Release|Any CPU
		{20397126-486A-4217-9C9A-9CA9E1E866F3}.Release|x64.Build.0 = Release|Any CPU
		{20397126-486A-4217-9C9A-9CA9E1E866F3}.Release|x86.ActiveCfg = Release|Any CPU
		{20397126-486A-4217-9C9A-9CA9E1E866F3}.Release|x86.Build.0 = Release|Any CPU
		{90562368-8C47-4407-966F-95D7EC033A6F}.Debug|Any CPU.ActiveCfg = Debug|Any CPU
		{90562368-8C47-4407-966F-95D7EC033A6F}.Debug|Any CPU.Build.0 = Debug|Any CPU
		{90562368-8C47-4407-966F-95D7EC033A6F}.Debug|x64.ActiveCfg = Debug|Any CPU
		{90562368-8C47-4407-966F-95D7EC033A6F}.Debug|x64.Build.0 = Debug|Any CPU
		{90562368-8C47-4407-966F-95D7EC033A6F}.Debug|x86.ActiveCfg = Debug|Any CPU
		{90562368-8C47-4407-966F-95D7EC033A6F}.Debug|x86.Build.0 = Debug|Any CPU
		{90562368-8C47-4407-966F-95D7EC033A6F}.Release|Any CPU.ActiveCfg = Release|Any CPU
		{90562368-8C47-4407-966F-95D7EC033A6F}.Release|Any CPU.Build.0 = Release|Any CPU
		{90562368-8C47-4407-966F-95D7EC033A6F}.Release|x64.ActiveCfg = Release|Any CPU
		{90562368-8C47-4407-966F-95D7EC033A6F}.Release|x64.Build.0 = Release|Any CPU
		{90562368-8C47-4407-966F-95D7EC033A6F}.Release|x86.ActiveCfg = Release|Any CPU
		{90562368-8C47-4407-966F-95D7EC033A6F}.Release|x86.Build.0 = Release|Any CPU
		{DFB4A068-B440-4F1B-81A0-0B3F46962B2B}.Debug|Any CPU.ActiveCfg = Debug|Any CPU
		{DFB4A068-B440-4F1B-81A0-0B3F46962B2B}.Debug|Any CPU.Build.0 = Debug|Any CPU
		{DFB4A068-B440-4F1B-81A0-0B3F46962B2B}.Debug|x64.ActiveCfg = Debug|Any CPU
		{DFB4A068-B440-4F1B-81A0-0B3F46962B2B}.Debug|x64.Build.0 = Debug|Any CPU
		{DFB4A068-B440-4F1B-81A0-0B3F46962B2B}.Debug|x86.ActiveCfg = Debug|Any CPU
		{DFB4A068-B440-4F1B-81A0-0B3F46962B2B}.Debug|x86.Build.0 = Debug|Any CPU
		{DFB4A068-B440-4F1B-81A0-0B3F46962B2B}.Release|Any CPU.ActiveCfg = Release|Any CPU
		{DFB4A068-B440-4F1B-81A0-0B3F46962B2B}.Release|Any CPU.Build.0 = Release|Any CPU
		{DFB4A068-B440-4F1B-81A0-0B3F46962B2B}.Release|x64.ActiveCfg = Release|Any CPU
		{DFB4A068-B440-4F1B-81A0-0B3F46962B2B}.Release|x64.Build.0 = Release|Any CPU
		{DFB4A068-B440-4F1B-81A0-0B3F46962B2B}.Release|x86.ActiveCfg = Release|Any CPU
		{DFB4A068-B440-4F1B-81A0-0B3F46962B2B}.Release|x86.Build.0 = Release|Any CPU
		{D360DB9B-0E2F-456C-8B9D-6B63D75478A3}.Debug|Any CPU.ActiveCfg = Debug|Any CPU
		{D360DB9B-0E2F-456C-8B9D-6B63D75478A3}.Debug|Any CPU.Build.0 = Debug|Any CPU
		{D360DB9B-0E2F-456C-8B9D-6B63D75478A3}.Debug|x64.ActiveCfg = Debug|Any CPU
		{D360DB9B-0E2F-456C-8B9D-6B63D75478A3}.Debug|x64.Build.0 = Debug|Any CPU
		{D360DB9B-0E2F-456C-8B9D-6B63D75478A3}.Debug|x86.ActiveCfg = Debug|Any CPU
		{D360DB9B-0E2F-456C-8B9D-6B63D75478A3}.Debug|x86.Build.0 = Debug|Any CPU
		{D360DB9B-0E2F-456C-8B9D-6B63D75478A3}.Release|Any CPU.ActiveCfg = Release|Any CPU
		{D360DB9B-0E2F-456C-8B9D-6B63D75478A3}.Release|Any CPU.Build.0 = Release|Any CPU
		{D360DB9B-0E2F-456C-8B9D-6B63D75478A3}.Release|x64.ActiveCfg = Release|Any CPU
		{D360DB9B-0E2F-456C-8B9D-6B63D75478A3}.Release|x64.Build.0 = Release|Any CPU
		{D360DB9B-0E2F-456C-8B9D-6B63D75478A3}.Release|x86.ActiveCfg = Release|Any CPU
		{D360DB9B-0E2F-456C-8B9D-6B63D75478A3}.Release|x86.Build.0 = Release|Any CPU
		{C1588A56-6B8B-47A8-B3BA-D744AF1FCE37}.Debug|Any CPU.ActiveCfg = Debug|Any CPU
		{C1588A56-6B8B-47A8-B3BA-D744AF1FCE37}.Debug|Any CPU.Build.0 = Debug|Any CPU
		{C1588A56-6B8B-47A8-B3BA-D744AF1FCE37}.Debug|x64.ActiveCfg = Debug|Any CPU
		{C1588A56-6B8B-47A8-B3BA-D744AF1FCE37}.Debug|x64.Build.0 = Debug|Any CPU
		{C1588A56-6B8B-47A8-B3BA-D744AF1FCE37}.Debug|x86.ActiveCfg = Debug|Any CPU
		{C1588A56-6B8B-47A8-B3BA-D744AF1FCE37}.Debug|x86.Build.0 = Debug|Any CPU
		{C1588A56-6B8B-47A8-B3BA-D744AF1FCE37}.Release|Any CPU.ActiveCfg = Release|Any CPU
		{C1588A56-6B8B-47A8-B3BA-D744AF1FCE37}.Release|Any CPU.Build.0 = Release|Any CPU
		{C1588A56-6B8B-47A8-B3BA-D744AF1FCE37}.Release|x64.ActiveCfg = Release|Any CPU
		{C1588A56-6B8B-47A8-B3BA-D744AF1FCE37}.Release|x64.Build.0 = Release|Any CPU
		{C1588A56-6B8B-47A8-B3BA-D744AF1FCE37}.Release|x86.ActiveCfg = Release|Any CPU
		{C1588A56-6B8B-47A8-B3BA-D744AF1FCE37}.Release|x86.Build.0 = Release|Any CPU
		{9D0B0584-A8E7-4925-A947-BF6209800D49}.Debug|Any CPU.ActiveCfg = Debug|Any CPU
		{9D0B0584-A8E7-4925-A947-BF6209800D49}.Debug|Any CPU.Build.0 = Debug|Any CPU
		{9D0B0584-A8E7-4925-A947-BF6209800D49}.Debug|x64.ActiveCfg = Debug|Any CPU
		{9D0B0584-A8E7-4925-A947-BF6209800D49}.Debug|x64.Build.0 = Debug|Any CPU
		{9D0B0584-A8E7-4925-A947-BF6209800D49}.Debug|x86.ActiveCfg = Debug|Any CPU
		{9D0B0584-A8E7-4925-A947-BF6209800D49}.Debug|x86.Build.0 = Debug|Any CPU
		{9D0B0584-A8E7-4925-A947-BF6209800D49}.Release|Any CPU.ActiveCfg = Release|Any CPU
		{9D0B0584-A8E7-4925-A947-BF6209800D49}.Release|Any CPU.Build.0 = Release|Any CPU
		{9D0B0584-A8E7-4925-A947-BF6209800D49}.Release|x64.ActiveCfg = Release|Any CPU
		{9D0B0584-A8E7-4925-A947-BF6209800D49}.Release|x64.Build.0 = Release|Any CPU
		{9D0B0584-A8E7-4925-A947-BF6209800D49}.Release|x86.ActiveCfg = Release|Any CPU
		{9D0B0584-A8E7-4925-A947-BF6209800D49}.Release|x86.Build.0 = Release|Any CPU
		{B9ED21E7-F635-4B2F-A94D-9360E1C3EEB9}.Debug|Any CPU.ActiveCfg = Debug|Any CPU
		{B9ED21E7-F635-4B2F-A94D-9360E1C3EEB9}.Debug|Any CPU.Build.0 = Debug|Any CPU
		{B9ED21E7-F635-4B2F-A94D-9360E1C3EEB9}.Debug|x64.ActiveCfg = Debug|Any CPU
		{B9ED21E7-F635-4B2F-A94D-9360E1C3EEB9}.Debug|x64.Build.0 = Debug|Any CPU
		{B9ED21E7-F635-4B2F-A94D-9360E1C3EEB9}.Debug|x86.ActiveCfg = Debug|Any CPU
		{B9ED21E7-F635-4B2F-A94D-9360E1C3EEB9}.Debug|x86.Build.0 = Debug|Any CPU
		{B9ED21E7-F635-4B2F-A94D-9360E1C3EEB9}.Release|Any CPU.ActiveCfg = Release|Any CPU
		{B9ED21E7-F635-4B2F-A94D-9360E1C3EEB9}.Release|Any CPU.Build.0 = Release|Any CPU
		{B9ED21E7-F635-4B2F-A94D-9360E1C3EEB9}.Release|x64.ActiveCfg = Release|Any CPU
		{B9ED21E7-F635-4B2F-A94D-9360E1C3EEB9}.Release|x64.Build.0 = Release|Any CPU
		{B9ED21E7-F635-4B2F-A94D-9360E1C3EEB9}.Release|x86.ActiveCfg = Release|Any CPU
		{B9ED21E7-F635-4B2F-A94D-9360E1C3EEB9}.Release|x86.Build.0 = Release|Any CPU
		{EF62AFBE-F71C-4FF4-9D9B-57803D9B04CF}.Debug|Any CPU.ActiveCfg = Debug|Any CPU
		{EF62AFBE-F71C-4FF4-9D9B-57803D9B04CF}.Debug|Any CPU.Build.0 = Debug|Any CPU
		{EF62AFBE-F71C-4FF4-9D9B-57803D9B04CF}.Debug|x64.ActiveCfg = Debug|Any CPU
		{EF62AFBE-F71C-4FF4-9D9B-57803D9B04CF}.Debug|x64.Build.0 = Debug|Any CPU
		{EF62AFBE-F71C-4FF4-9D9B-57803D9B04CF}.Debug|x86.ActiveCfg = Debug|Any CPU
		{EF62AFBE-F71C-4FF4-9D9B-57803D9B04CF}.Debug|x86.Build.0 = Debug|Any CPU
		{EF62AFBE-F71C-4FF4-9D9B-57803D9B04CF}.Release|Any CPU.ActiveCfg = Release|Any CPU
		{EF62AFBE-F71C-4FF4-9D9B-57803D9B04CF}.Release|Any CPU.Build.0 = Release|Any CPU
		{EF62AFBE-F71C-4FF4-9D9B-57803D9B04CF}.Release|x64.ActiveCfg = Release|Any CPU
		{EF62AFBE-F71C-4FF4-9D9B-57803D9B04CF}.Release|x64.Build.0 = Release|Any CPU
		{EF62AFBE-F71C-4FF4-9D9B-57803D9B04CF}.Release|x86.ActiveCfg = Release|Any CPU
		{EF62AFBE-F71C-4FF4-9D9B-57803D9B04CF}.Release|x86.Build.0 = Release|Any CPU
		{13FCDADB-FEAD-4E1F-8305-253EDBE283DE}.Debug|Any CPU.ActiveCfg = Debug|Any CPU
		{13FCDADB-FEAD-4E1F-8305-253EDBE283DE}.Debug|Any CPU.Build.0 = Debug|Any CPU
		{13FCDADB-FEAD-4E1F-8305-253EDBE283DE}.Debug|x64.ActiveCfg = Debug|Any CPU
		{13FCDADB-FEAD-4E1F-8305-253EDBE283DE}.Debug|x64.Build.0 = Debug|Any CPU
		{13FCDADB-FEAD-4E1F-8305-253EDBE283DE}.Debug|x86.ActiveCfg = Debug|Any CPU
		{13FCDADB-FEAD-4E1F-8305-253EDBE283DE}.Debug|x86.Build.0 = Debug|Any CPU
		{13FCDADB-FEAD-4E1F-8305-253EDBE283DE}.Release|Any CPU.ActiveCfg = Release|Any CPU
		{13FCDADB-FEAD-4E1F-8305-253EDBE283DE}.Release|Any CPU.Build.0 = Release|Any CPU
		{13FCDADB-FEAD-4E1F-8305-253EDBE283DE}.Release|x64.ActiveCfg = Release|Any CPU
		{13FCDADB-FEAD-4E1F-8305-253EDBE283DE}.Release|x64.Build.0 = Release|Any CPU
		{13FCDADB-FEAD-4E1F-8305-253EDBE283DE}.Release|x86.ActiveCfg = Release|Any CPU
		{13FCDADB-FEAD-4E1F-8305-253EDBE283DE}.Release|x86.Build.0 = Release|Any CPU
		{2AA99AEB-21E0-4401-9600-19B3A41DD5F5}.Debug|Any CPU.ActiveCfg = Debug|Any CPU
		{2AA99AEB-21E0-4401-9600-19B3A41DD5F5}.Debug|Any CPU.Build.0 = Debug|Any CPU
		{2AA99AEB-21E0-4401-9600-19B3A41DD5F5}.Debug|x64.ActiveCfg = Debug|Any CPU
		{2AA99AEB-21E0-4401-9600-19B3A41DD5F5}.Debug|x64.Build.0 = Debug|Any CPU
		{2AA99AEB-21E0-4401-9600-19B3A41DD5F5}.Debug|x86.ActiveCfg = Debug|Any CPU
		{2AA99AEB-21E0-4401-9600-19B3A41DD5F5}.Debug|x86.Build.0 = Debug|Any CPU
		{2AA99AEB-21E0-4401-9600-19B3A41DD5F5}.Release|Any CPU.ActiveCfg = Release|Any CPU
		{2AA99AEB-21E0-4401-9600-19B3A41DD5F5}.Release|Any CPU.Build.0 = Release|Any CPU
		{2AA99AEB-21E0-4401-9600-19B3A41DD5F5}.Release|x64.ActiveCfg = Release|Any CPU
		{2AA99AEB-21E0-4401-9600-19B3A41DD5F5}.Release|x64.Build.0 = Release|Any CPU
		{2AA99AEB-21E0-4401-9600-19B3A41DD5F5}.Release|x86.ActiveCfg = Release|Any CPU
		{2AA99AEB-21E0-4401-9600-19B3A41DD5F5}.Release|x86.Build.0 = Release|Any CPU
		{904C8129-8B28-4BFC-9452-9BE23E4CF304}.Debug|Any CPU.ActiveCfg = Debug|Any CPU
		{904C8129-8B28-4BFC-9452-9BE23E4CF304}.Debug|Any CPU.Build.0 = Debug|Any CPU
		{904C8129-8B28-4BFC-9452-9BE23E4CF304}.Debug|x64.ActiveCfg = Debug|Any CPU
		{904C8129-8B28-4BFC-9452-9BE23E4CF304}.Debug|x64.Build.0 = Debug|Any CPU
		{904C8129-8B28-4BFC-9452-9BE23E4CF304}.Debug|x86.ActiveCfg = Debug|Any CPU
		{904C8129-8B28-4BFC-9452-9BE23E4CF304}.Debug|x86.Build.0 = Debug|Any CPU
		{904C8129-8B28-4BFC-9452-9BE23E4CF304}.Release|Any CPU.ActiveCfg = Release|Any CPU
		{904C8129-8B28-4BFC-9452-9BE23E4CF304}.Release|Any CPU.Build.0 = Release|Any CPU
		{904C8129-8B28-4BFC-9452-9BE23E4CF304}.Release|x64.ActiveCfg = Release|Any CPU
		{904C8129-8B28-4BFC-9452-9BE23E4CF304}.Release|x64.Build.0 = Release|Any CPU
		{904C8129-8B28-4BFC-9452-9BE23E4CF304}.Release|x86.ActiveCfg = Release|Any CPU
		{904C8129-8B28-4BFC-9452-9BE23E4CF304}.Release|x86.Build.0 = Release|Any CPU
		{C5CAC6FA-6F45-4F69-8474-96F507545B01}.Debug|Any CPU.ActiveCfg = Debug|Any CPU
		{C5CAC6FA-6F45-4F69-8474-96F507545B01}.Debug|Any CPU.Build.0 = Debug|Any CPU
		{C5CAC6FA-6F45-4F69-8474-96F507545B01}.Debug|x64.ActiveCfg = Debug|Any CPU
		{C5CAC6FA-6F45-4F69-8474-96F507545B01}.Debug|x64.Build.0 = Debug|Any CPU
		{C5CAC6FA-6F45-4F69-8474-96F507545B01}.Debug|x86.ActiveCfg = Debug|Any CPU
		{C5CAC6FA-6F45-4F69-8474-96F507545B01}.Debug|x86.Build.0 = Debug|Any CPU
		{C5CAC6FA-6F45-4F69-8474-96F507545B01}.Release|Any CPU.ActiveCfg = Release|Any CPU
		{C5CAC6FA-6F45-4F69-8474-96F507545B01}.Release|Any CPU.Build.0 = Release|Any CPU
		{C5CAC6FA-6F45-4F69-8474-96F507545B01}.Release|x64.ActiveCfg = Release|Any CPU
		{C5CAC6FA-6F45-4F69-8474-96F507545B01}.Release|x64.Build.0 = Release|Any CPU
		{C5CAC6FA-6F45-4F69-8474-96F507545B01}.Release|x86.ActiveCfg = Release|Any CPU
		{C5CAC6FA-6F45-4F69-8474-96F507545B01}.Release|x86.Build.0 = Release|Any CPU
		{A8EAF131-A4B0-436C-B329-1E1476A504B9}.Debug|Any CPU.ActiveCfg = Debug|Any CPU
		{A8EAF131-A4B0-436C-B329-1E1476A504B9}.Debug|Any CPU.Build.0 = Debug|Any CPU
		{A8EAF131-A4B0-436C-B329-1E1476A504B9}.Debug|x64.ActiveCfg = Debug|Any CPU
		{A8EAF131-A4B0-436C-B329-1E1476A504B9}.Debug|x64.Build.0 = Debug|Any CPU
		{A8EAF131-A4B0-436C-B329-1E1476A504B9}.Debug|x86.ActiveCfg = Debug|Any CPU
		{A8EAF131-A4B0-436C-B329-1E1476A504B9}.Debug|x86.Build.0 = Debug|Any CPU
		{A8EAF131-A4B0-436C-B329-1E1476A504B9}.Release|Any CPU.ActiveCfg = Release|Any CPU
		{A8EAF131-A4B0-436C-B329-1E1476A504B9}.Release|Any CPU.Build.0 = Release|Any CPU
		{A8EAF131-A4B0-436C-B329-1E1476A504B9}.Release|x64.ActiveCfg = Release|Any CPU
		{A8EAF131-A4B0-436C-B329-1E1476A504B9}.Release|x64.Build.0 = Release|Any CPU
		{A8EAF131-A4B0-436C-B329-1E1476A504B9}.Release|x86.ActiveCfg = Release|Any CPU
		{A8EAF131-A4B0-436C-B329-1E1476A504B9}.Release|x86.Build.0 = Release|Any CPU
		{08597A8D-CF89-401F-8EE5-D3A0935D4E34}.Debug|Any CPU.ActiveCfg = Debug|Any CPU
		{08597A8D-CF89-401F-8EE5-D3A0935D4E34}.Debug|Any CPU.Build.0 = Debug|Any CPU
		{08597A8D-CF89-401F-8EE5-D3A0935D4E34}.Debug|x64.ActiveCfg = Debug|Any CPU
		{08597A8D-CF89-401F-8EE5-D3A0935D4E34}.Debug|x64.Build.0 = Debug|Any CPU
		{08597A8D-CF89-401F-8EE5-D3A0935D4E34}.Debug|x86.ActiveCfg = Debug|Any CPU
		{08597A8D-CF89-401F-8EE5-D3A0935D4E34}.Debug|x86.Build.0 = Debug|Any CPU
		{08597A8D-CF89-401F-8EE5-D3A0935D4E34}.Release|Any CPU.ActiveCfg = Release|Any CPU
		{08597A8D-CF89-401F-8EE5-D3A0935D4E34}.Release|Any CPU.Build.0 = Release|Any CPU
		{08597A8D-CF89-401F-8EE5-D3A0935D4E34}.Release|x64.ActiveCfg = Release|Any CPU
		{08597A8D-CF89-401F-8EE5-D3A0935D4E34}.Release|x64.Build.0 = Release|Any CPU
		{08597A8D-CF89-401F-8EE5-D3A0935D4E34}.Release|x86.ActiveCfg = Release|Any CPU
		{08597A8D-CF89-401F-8EE5-D3A0935D4E34}.Release|x86.Build.0 = Release|Any CPU
		{C486CE34-484B-44D9-9240-5E005769CA24}.Debug|Any CPU.ActiveCfg = Debug|Any CPU
		{C486CE34-484B-44D9-9240-5E005769CA24}.Debug|Any CPU.Build.0 = Debug|Any CPU
		{C486CE34-484B-44D9-9240-5E005769CA24}.Debug|x64.ActiveCfg = Debug|Any CPU
		{C486CE34-484B-44D9-9240-5E005769CA24}.Debug|x64.Build.0 = Debug|Any CPU
		{C486CE34-484B-44D9-9240-5E005769CA24}.Debug|x86.ActiveCfg = Debug|Any CPU
		{C486CE34-484B-44D9-9240-5E005769CA24}.Debug|x86.Build.0 = Debug|Any CPU
		{C486CE34-484B-44D9-9240-5E005769CA24}.Release|Any CPU.ActiveCfg = Release|Any CPU
		{C486CE34-484B-44D9-9240-5E005769CA24}.Release|Any CPU.Build.0 = Release|Any CPU
		{C486CE34-484B-44D9-9240-5E005769CA24}.Release|x64.ActiveCfg = Release|Any CPU
		{C486CE34-484B-44D9-9240-5E005769CA24}.Release|x64.Build.0 = Release|Any CPU
		{C486CE34-484B-44D9-9240-5E005769CA24}.Release|x86.ActiveCfg = Release|Any CPU
		{C486CE34-484B-44D9-9240-5E005769CA24}.Release|x86.Build.0 = Release|Any CPU
		{CD974E71-54DA-43FB-A6DE-AF3B7B382A2F}.Debug|Any CPU.ActiveCfg = Debug|Any CPU
		{CD974E71-54DA-43FB-A6DE-AF3B7B382A2F}.Debug|Any CPU.Build.0 = Debug|Any CPU
		{CD974E71-54DA-43FB-A6DE-AF3B7B382A2F}.Debug|x64.ActiveCfg = Debug|Any CPU
		{CD974E71-54DA-43FB-A6DE-AF3B7B382A2F}.Debug|x64.Build.0 = Debug|Any CPU
		{CD974E71-54DA-43FB-A6DE-AF3B7B382A2F}.Debug|x86.ActiveCfg = Debug|Any CPU
		{CD974E71-54DA-43FB-A6DE-AF3B7B382A2F}.Debug|x86.Build.0 = Debug|Any CPU
		{CD974E71-54DA-43FB-A6DE-AF3B7B382A2F}.Release|Any CPU.ActiveCfg = Release|Any CPU
		{CD974E71-54DA-43FB-A6DE-AF3B7B382A2F}.Release|Any CPU.Build.0 = Release|Any CPU
		{CD974E71-54DA-43FB-A6DE-AF3B7B382A2F}.Release|x64.ActiveCfg = Release|Any CPU
		{CD974E71-54DA-43FB-A6DE-AF3B7B382A2F}.Release|x64.Build.0 = Release|Any CPU
		{CD974E71-54DA-43FB-A6DE-AF3B7B382A2F}.Release|x86.ActiveCfg = Release|Any CPU
		{CD974E71-54DA-43FB-A6DE-AF3B7B382A2F}.Release|x86.Build.0 = Release|Any CPU
		{E7AE57C9-67FD-4457-8851-B67D9E8E35AB}.Debug|Any CPU.ActiveCfg = Debug|Any CPU
		{E7AE57C9-67FD-4457-8851-B67D9E8E35AB}.Debug|Any CPU.Build.0 = Debug|Any CPU
		{E7AE57C9-67FD-4457-8851-B67D9E8E35AB}.Debug|x64.ActiveCfg = Debug|Any CPU
		{E7AE57C9-67FD-4457-8851-B67D9E8E35AB}.Debug|x64.Build.0 = Debug|Any CPU
		{E7AE57C9-67FD-4457-8851-B67D9E8E35AB}.Debug|x86.ActiveCfg = Debug|Any CPU
		{E7AE57C9-67FD-4457-8851-B67D9E8E35AB}.Debug|x86.Build.0 = Debug|Any CPU
		{E7AE57C9-67FD-4457-8851-B67D9E8E35AB}.Release|Any CPU.ActiveCfg = Release|Any CPU
		{E7AE57C9-67FD-4457-8851-B67D9E8E35AB}.Release|Any CPU.Build.0 = Release|Any CPU
		{E7AE57C9-67FD-4457-8851-B67D9E8E35AB}.Release|x64.ActiveCfg = Release|Any CPU
		{E7AE57C9-67FD-4457-8851-B67D9E8E35AB}.Release|x64.Build.0 = Release|Any CPU
		{E7AE57C9-67FD-4457-8851-B67D9E8E35AB}.Release|x86.ActiveCfg = Release|Any CPU
		{E7AE57C9-67FD-4457-8851-B67D9E8E35AB}.Release|x86.Build.0 = Release|Any CPU
	EndGlobalSection
	GlobalSection(SolutionProperties) = preSolution
		HideSolutionNode = FALSE
	EndGlobalSection
	GlobalSection(ExtensibilityGlobals) = postSolution
		SolutionGuid = {482B6729-DD7C-42A2-9D27-C1BC47C29B11}
	EndGlobalSection
EndGlobal
